
Microsoft Visual Studio Solution File, Format Version 12.00
# Visual Studio Version 16
VisualStudioVersion = 16.0.33130.400
MinimumVisualStudioVersion = 10.0.40219.1
Project("{FAE04EC0-301F-11D3-BF4B-00C04F79EFBC}") = "DoAn_ASP", "DoAn_ASP\DoAn_ASP.csproj", "{72584B37-3A6B-473D-A248-143E9EEA801D}"
EndProject
Global
	GlobalSection(SolutionConfigurationPlatforms) = preSolution
		Debug|Any CPU = Debug|Any CPU
		Release|Any CPU = Release|Any CPU
	EndGlobalSection
	GlobalSection(ProjectConfigurationPlatforms) = postSolution
		{72584B37-3A6B-473D-A248-143E9EEA801D}.Debug|Any CPU.ActiveCfg = Debug|Any CPU
		{72584B37-3A6B-473D-A248-143E9EEA801D}.Debug|Any CPU.Build.0 = Debug|Any CPU
		{72584B37-3A6B-473D-A248-143E9EEA801D}.Release|Any CPU.ActiveCfg = Release|Any CPU
		{72584B37-3A6B-473D-A248-143E9EEA801D}.Release|Any CPU.Build.0 = Release|Any CPU
	EndGlobalSection
	GlobalSection(SolutionProperties) = preSolution
		HideSolutionNode = FALSE
	EndGlobalSection
	GlobalSection(ExtensibilityGlobals) = postSolution
		SolutionGuid = {1219F1B7-F741-4D9E-A0F3-88D7AF1018E7}
	EndGlobalSection
EndGlobal
