
Microsoft Visual Studio Solution File, Format Version 12.00
# Visual Studio Version 16
VisualStudioVersion = 16.0.33130.400
MinimumVisualStudioVersion = 10.0.40219.1
Project("{FAE04EC0-301F-11D3-BF4B-00C04F79EFBC}") = "WebQLNhaHang", "WebQLNhaHang\WebQLNhaHang.csproj", "{407D67BA-2CDB-41A1-A83D-784F0CD78E53}"
EndProject
Global
	GlobalSection(SolutionConfigurationPlatforms) = preSolution
		Debug|Any CPU = Debug|Any CPU
		Release|Any CPU = Release|Any CPU
	EndGlobalSection
	GlobalSection(ProjectConfigurationPlatforms) = postSolution
		{407D67BA-2CDB-41A1-A83D-784F0CD78E53}.Debug|Any CPU.ActiveCfg = Debug|Any CPU
		{407D67BA-2CDB-41A1-A83D-784F0CD78E53}.Debug|Any CPU.Build.0 = Debug|Any CPU
		{407D67BA-2CDB-41A1-A83D-784F0CD78E53}.Release|Any CPU.ActiveCfg = Release|Any CPU
		{407D67BA-2CDB-41A1-A83D-784F0CD78E53}.Release|Any CPU.Build.0 = Release|Any CPU
	EndGlobalSection
	GlobalSection(SolutionProperties) = preSolution
		HideSolutionNode = FALSE
	EndGlobalSection
	GlobalSection(ExtensibilityGlobals) = postSolution
		SolutionGuid = {63A6CC4E-B6F4-4C93-827D-7CD0BBC864E8}
	EndGlobalSection
EndGlobal
